// !$*UTF8*$!
{
	archiveVersion = 1;
	classes = {
	};
	objectVersion = 56;
	objects = {

/* Begin PBXBuildFile section */
		7E8406B829BA3CC400B3AF63 /* AppDelegate.swift in Sources */ = {isa = PBXBuildFile; fileRef = 7E8406B729BA3CC400B3AF63 /* AppDelegate.swift */; };
		7E8406BA29BA3CC400B3AF63 /* SceneDelegate.swift in Sources */ = {isa = PBXBuildFile; fileRef = 7E8406B929BA3CC400B3AF63 /* SceneDelegate.swift */; };
		7E8406BC29BA3CC400B3AF63 /* ViewController.swift in Sources */ = {isa = PBXBuildFile; fileRef = 7E8406BB29BA3CC400B3AF63 /* ViewController.swift */; };
		7E8406BF29BA3CC400B3AF63 /* Main.storyboard in Resources */ = {isa = PBXBuildFile; fileRef = 7E8406BD29BA3CC400B3AF63 /* Main.storyboard */; };
		7E8406C129BA3CC500B3AF63 /* Assets.xcassets in Resources */ = {isa = PBXBuildFile; fileRef = 7E8406C029BA3CC500B3AF63 /* Assets.xcassets */; };
		7E8406C429BA3CC500B3AF63 /* LaunchScreen.storyboard in Resources */ = {isa = PBXBuildFile; fileRef = 7E8406C229BA3CC500B3AF63 /* LaunchScreen.storyboard */; };
		7E8406CF29BA3CC500B3AF63 /* Meal_TrackerTests.swift in Sources */ = {isa = PBXBuildFile; fileRef = 7E8406CE29BA3CC500B3AF63 /* Meal_TrackerTests.swift */; };
		7E8406D929BA3CC500B3AF63 /* Meal_TrackerUITests.swift in Sources */ = {isa = PBXBuildFile; fileRef = 7E8406D829BA3CC500B3AF63 /* Meal_TrackerUITests.swift */; };
		7E8406DB29BA3CC500B3AF63 /* Meal_TrackerUITestsLaunchTests.swift in Sources */ = {isa = PBXBuildFile; fileRef = 7E8406DA29BA3CC500B3AF63 /* Meal_TrackerUITestsLaunchTests.swift */; };
/* End PBXBuildFile section */

/* Begin PBXContainerItemProxy section */
		7E8406CB29BA3CC500B3AF63 /* PBXContainerItemProxy */ = {
			isa = PBXContainerItemProxy;
			containerPortal = 7E8406AC29BA3CC400B3AF63 /* Project object */;
			proxyType = 1;
			remoteGlobalIDString = 7E8406B329BA3CC400B3AF63;
			remoteInfo = "Meal Tracker";
		};
		7E8406D529BA3CC500B3AF63 /* PBXContainerItemProxy */ = {
			isa = PBXContainerItemProxy;
			containerPortal = 7E8406AC29BA3CC400B3AF63 /* Project object */;
			proxyType = 1;
			remoteGlobalIDString = 7E8406B329BA3CC400B3AF63;
			remoteInfo = "Meal Tracker";
		};
/* End PBXContainerItemProxy section */

/* Begin PBXFileReference section */
		7E8406B429BA3CC400B3AF63 /* Meal Tracker.app */ = {isa = PBXFileReference; explicitFileType = wrapper.application; includeInIndex = 0; path = "Meal Tracker.app"; sourceTree = BUILT_PRODUCTS_DIR; };
		7E8406B729BA3CC400B3AF63 /* AppDelegate.swift */ = {isa = PBXFileReference; lastKnownFileType = sourcecode.swift; path = AppDelegate.swift; sourceTree = "<group>"; };
		7E8406B929BA3CC400B3AF63 /* SceneDelegate.swift */ = {isa = PBXFileReference; lastKnownFileType = sourcecode.swift; path = SceneDelegate.swift; sourceTree = "<group>"; };
		7E8406BB29BA3CC400B3AF63 /* ViewController.swift */ = {isa = PBXFileReference; lastKnownFileType = sourcecode.swift; path = ViewController.swift; sourceTree = "<group>"; };
		7E8406BE29BA3CC400B3AF63 /* Base */ = {isa = PBXFileReference; lastKnownFileType = file.storyboard; name = Base; path = Base.lproj/Main.storyboard; sourceTree = "<group>"; };
		7E8406C029BA3CC500B3AF63 /* Assets.xcassets */ = {isa = PBXFileReference; lastKnownFileType = folder.assetcatalog; path = Assets.xcassets; sourceTree = "<group>"; };
		7E8406C329BA3CC500B3AF63 /* Base */ = {isa = PBXFileReference; lastKnownFileType = file.storyboard; name = Base; path = Base.lproj/LaunchScreen.storyboard; sourceTree = "<group>"; };
		7E8406C529BA3CC500B3AF63 /* Info.plist */ = {isa = PBXFileReference; lastKnownFileType = text.plist.xml; path = Info.plist; sourceTree = "<group>"; };
		7E8406CA29BA3CC500B3AF63 /* Meal TrackerTests.xctest */ = {isa = PBXFileReference; explicitFileType = wrapper.cfbundle; includeInIndex = 0; path = "Meal TrackerTests.xctest"; sourceTree = BUILT_PRODUCTS_DIR; };
		7E8406CE29BA3CC500B3AF63 /* Meal_TrackerTests.swift */ = {isa = PBXFileReference; lastKnownFileType = sourcecode.swift; path = Meal_TrackerTests.swift; sourceTree = "<group>"; };
		7E8406D429BA3CC500B3AF63 /* Meal TrackerUITests.xctest */ = {isa = PBXFileReference; explicitFileType = wrapper.cfbundle; includeInIndex = 0; path = "Meal TrackerUITests.xctest"; sourceTree = BUILT_PRODUCTS_DIR; };
		7E8406D829BA3CC500B3AF63 /* Meal_TrackerUITests.swift */ = {isa = PBXFileReference; lastKnownFileType = sourcecode.swift; path = Meal_TrackerUITests.swift; sourceTree = "<group>"; };
		7E8406DA29BA3CC500B3AF63 /* Meal_TrackerUITestsLaunchTests.swift */ = {isa = PBXFileReference; lastKnownFileType = sourcecode.swift; path = Meal_TrackerUITestsLaunchTests.swift; sourceTree = "<group>"; };
/* End PBXFileReference section */

/* Begin PBXFrameworksBuildPhase section */
		7E8406B129BA3CC400B3AF63 /* Frameworks */ = {
			isa = PBXFrameworksBuildPhase;
			buildActionMask = 2147483647;
			files = (
			);
			runOnlyForDeploymentPostprocessing = 0;
		};
		7E8406C729BA3CC500B3AF63 /* Frameworks */ = {
			isa = PBXFrameworksBuildPhase;
			buildActionMask = 2147483647;
			files = (
			);
			runOnlyForDeploymentPostprocessing = 0;
		};
		7E8406D129BA3CC500B3AF63 /* Frameworks */ = {
			isa = PBXFrameworksBuildPhase;
			buildActionMask = 2147483647;
			files = (
			);
			runOnlyForDeploymentPostprocessing = 0;
		};
/* End PBXFrameworksBuildPhase section */

/* Begin PBXGroup section */
		7E8406AB29BA3CC400B3AF63 = {
			isa = PBXGroup;
			children = (
				7E8406B629BA3CC400B3AF63 /* Meal Tracker */,
				7E8406CD29BA3CC500B3AF63 /* Meal TrackerTests */,
				7E8406D729BA3CC500B3AF63 /* Meal TrackerUITests */,
				7E8406B529BA3CC400B3AF63 /* Products */,
			);
			sourceTree = "<group>";
		};
		7E8406B529BA3CC400B3AF63 /* Products */ = {
			isa = PBXGroup;
			children = (
				7E8406B429BA3CC400B3AF63 /* Meal Tracker.app */,
				7E8406CA29BA3CC500B3AF63 /* Meal TrackerTests.xctest */,
				7E8406D429BA3CC500B3AF63 /* Meal TrackerUITests.xctest */,
			);
			name = Products;
			sourceTree = "<group>";
		};
		7E8406B629BA3CC400B3AF63 /* Meal Tracker */ = {
			isa = PBXGroup;
			children = (
				7E8406B729BA3CC400B3AF63 /* AppDelegate.swift */,
				7E8406B929BA3CC400B3AF63 /* SceneDelegate.swift */,
				7E8406BB29BA3CC400B3AF63 /* ViewController.swift */,
				7E8406BD29BA3CC400B3AF63 /* Main.storyboard */,
				7E8406C029BA3CC500B3AF63 /* Assets.xcassets */,
				7E8406C229BA3CC500B3AF63 /* LaunchScreen.storyboard */,
				7E8406C529BA3CC500B3AF63 /* Info.plist */,
			);
			path = "Meal Tracker";
			sourceTree = "<group>";
		};
		7E8406CD29BA3CC500B3AF63 /* Meal TrackerTests */ = {
			isa = PBXGroup;
			children = (
				7E8406CE29BA3CC500B3AF63 /* Meal_TrackerTests.swift */,
			);
			path = "Meal TrackerTests";
			sourceTree = "<group>";
		};
		7E8406D729BA3CC500B3AF63 /* Meal TrackerUITests */ = {
			isa = PBXGroup;
			children = (
				7E8406D829BA3CC500B3AF63 /* Meal_TrackerUITests.swift */,
				7E8406DA29BA3CC500B3AF63 /* Meal_TrackerUITestsLaunchTests.swift */,
			);
			path = "Meal TrackerUITests";
			sourceTree = "<group>";
		};
/* End PBXGroup section */

/* Begin PBXNativeTarget section */
		7E8406B329BA3CC400B3AF63 /* Meal Tracker */ = {
			isa = PBXNativeTarget;
			buildConfigurationList = 7E8406DE29BA3CC500B3AF63 /* Build configuration list for PBXNativeTarget "Meal Tracker" */;
			buildPhases = (
				7E8406B029BA3CC400B3AF63 /* Sources */,
				7E8406B129BA3CC400B3AF63 /* Frameworks */,
				7E8406B229BA3CC400B3AF63 /* Resources */,
			);
			buildRules = (
			);
			dependencies = (
			);
			name = "Meal Tracker";
			productName = "Meal Tracker";
			productReference = 7E8406B429BA3CC400B3AF63 /* Meal Tracker.app */;
			productType = "com.apple.product-type.application";
		};
		7E8406C929BA3CC500B3AF63 /* Meal TrackerTests */ = {
			isa = PBXNativeTarget;
			buildConfigurationList = 7E8406E129BA3CC500B3AF63 /* Build configuration list for PBXNativeTarget "Meal TrackerTests" */;
			buildPhases = (
				7E8406C629BA3CC500B3AF63 /* Sources */,
				7E8406C729BA3CC500B3AF63 /* Frameworks */,
				7E8406C829BA3CC500B3AF63 /* Resources */,
			);
			buildRules = (
			);
			dependencies = (
				7E8406CC29BA3CC500B3AF63 /* PBXTargetDependency */,
			);
			name = "Meal TrackerTests";
			productName = "Meal TrackerTests";
			productReference = 7E8406CA29BA3CC500B3AF63 /* Meal TrackerTests.xctest */;
			productType = "com.apple.product-type.bundle.unit-test";
		};
		7E8406D329BA3CC500B3AF63 /* Meal TrackerUITests */ = {
			isa = PBXNativeTarget;
			buildConfigurationList = 7E8406E429BA3CC500B3AF63 /* Build configuration list for PBXNativeTarget "Meal TrackerUITests" */;
			buildPhases = (
				7E8406D029BA3CC500B3AF63 /* Sources */,
				7E8406D129BA3CC500B3AF63 /* Frameworks */,
				7E8406D229BA3CC500B3AF63 /* Resources */,
			);
			buildRules = (
			);
			dependencies = (
				7E8406D629BA3CC500B3AF63 /* PBXTargetDependency */,
			);
			name = "Meal TrackerUITests";
			productName = "Meal TrackerUITests";
			productReference = 7E8406D429BA3CC500B3AF63 /* Meal TrackerUITests.xctest */;
			productType = "com.apple.product-type.bundle.ui-testing";
		};
/* End PBXNativeTarget section */

/* Begin PBXProject section */
		7E8406AC29BA3CC400B3AF63 /* Project object */ = {
			isa = PBXProject;
			attributes = {
				BuildIndependentTargetsInParallel = 1;
				LastSwiftUpdateCheck = 1420;
				LastUpgradeCheck = 1420;
				TargetAttributes = {
					7E8406B329BA3CC400B3AF63 = {
						CreatedOnToolsVersion = 14.2;
					};
					7E8406C929BA3CC500B3AF63 = {
						CreatedOnToolsVersion = 14.2;
						TestTargetID = 7E8406B329BA3CC400B3AF63;
					};
					7E8406D329BA3CC500B3AF63 = {
						CreatedOnToolsVersion = 14.2;
						TestTargetID = 7E8406B329BA3CC400B3AF63;
					};
				};
			};
			buildConfigurationList = 7E8406AF29BA3CC400B3AF63 /* Build configuration list for PBXProject "Meal Tracker" */;
			compatibilityVersion = "Xcode 14.0";
			developmentRegion = en;
			hasScannedForEncodings = 0;
			knownRegions = (
				en,
				Base,
			);
			mainGroup = 7E8406AB29BA3CC400B3AF63;
			productRefGroup = 7E8406B529BA3CC400B3AF63 /* Products */;
			projectDirPath = "";
			projectRoot = "";
			targets = (
				7E8406B329BA3CC400B3AF63 /* Meal Tracker */,
				7E8406C929BA3CC500B3AF63 /* Meal TrackerTests */,
				7E8406D329BA3CC500B3AF63 /* Meal TrackerUITests */,
			);
		};
/* End PBXProject section */

/* Begin PBXResourcesBuildPhase section */
		7E8406B229BA3CC400B3AF63 /* Resources */ = {
			isa = PBXResourcesBuildPhase;
			buildActionMask = 2147483647;
			files = (
				7E8406C429BA3CC500B3AF63 /* LaunchScreen.storyboard in Resources */,
				7E8406C129BA3CC500B3AF63 /* Assets.xcassets in Resources */,
				7E8406BF29BA3CC400B3AF63 /* Main.storyboard in Resources */,
			);
			runOnlyForDeploymentPostprocessing = 0;
		};
		7E8406C829BA3CC500B3AF63 /* Resources */ = {
			isa = PBXResourcesBuildPhase;
			buildActionMask = 2147483647;
			files = (
			);
			runOnlyForDeploymentPostprocessing = 0;
		};
		7E8406D229BA3CC500B3AF63 /* Resources */ = {
			isa = PBXResourcesBuildPhase;
			buildActionMask = 2147483647;
			files = (
			);
			runOnlyForDeploymentPostprocessing = 0;
		};
/* End PBXResourcesBuildPhase section */

/* Begin PBXSourcesBuildPhase section */
		7E8406B029BA3CC400B3AF63 /* Sources */ = {
			isa = PBXSourcesBuildPhase;
			buildActionMask = 2147483647;
			files = (
				7E8406BC29BA3CC400B3AF63 /* ViewController.swift in Sources */,
				7E8406B829BA3CC400B3AF63 /* AppDelegate.swift in Sources */,
				7E8406BA29BA3CC400B3AF63 /* SceneDelegate.swift in Sources */,
			);
			runOnlyForDeploymentPostprocessing = 0;
		};
		7E8406C629BA3CC500B3AF63 /* Sources */ = {
			isa = PBXSourcesBuildPhase;
			buildActionMask = 2147483647;
			files = (
				7E8406CF29BA3CC500B3AF63 /* Meal_TrackerTests.swift in Sources */,
			);
			runOnlyForDeploymentPostprocessing = 0;
		};
		7E8406D029BA3CC500B3AF63 /* Sources */ = {
			isa = PBXSourcesBuildPhase;
			buildActionMask = 2147483647;
			files = (
				7E8406DB29BA3CC500B3AF63 /* Meal_TrackerUITestsLaunchTests.swift in Sources */,
				7E8406D929BA3CC500B3AF63 /* Meal_TrackerUITests.swift in Sources */,
			);
			runOnlyForDeploymentPostprocessing = 0;
		};
/* End PBXSourcesBuildPhase section */

/* Begin PBXTargetDependency section */
		7E8406CC29BA3CC500B3AF63 /* PBXTargetDependency */ = {
			isa = PBXTargetDependency;
			target = 7E8406B329BA3CC400B3AF63 /* Meal Tracker */;
			targetProxy = 7E8406CB29BA3CC500B3AF63 /* PBXContainerItemProxy */;
		};
		7E8406D629BA3CC500B3AF63 /* PBXTargetDependency */ = {
			isa = PBXTargetDependency;
			target = 7E8406B329BA3CC400B3AF63 /* Meal Tracker */;
			targetProxy = 7E8406D529BA3CC500B3AF63 /* PBXContainerItemProxy */;
		};
/* End PBXTargetDependency section */

/* Begin PBXVariantGroup section */
		7E8406BD29BA3CC400B3AF63 /* Main.storyboard */ = {
			isa = PBXVariantGroup;
			children = (
				7E8406BE29BA3CC400B3AF63 /* Base */,
			);
			name = Main.storyboard;
			sourceTree = "<group>";
		};
		7E8406C229BA3CC500B3AF63 /* LaunchScreen.storyboard */ = {
			isa = PBXVariantGroup;
			children = (
				7E8406C329BA3CC500B3AF63 /* Base */,
			);
			name = LaunchScreen.storyboard;
			sourceTree = "<group>";
		};
/* End PBXVariantGroup section */

/* Begin XCBuildConfiguration section */
		7E8406DC29BA3CC500B3AF63 /* Debug */ = {
			isa = XCBuildConfiguration;
			buildSettings = {
				ALWAYS_SEARCH_USER_PATHS = NO;
				CLANG_ANALYZER_NONNULL = YES;
				CLANG_ANALYZER_NUMBER_OBJECT_CONVERSION = YES_AGGRESSIVE;
				CLANG_CXX_LANGUAGE_STANDARD = "gnu++20";
				CLANG_ENABLE_MODULES = YES;
				CLANG_ENABLE_OBJC_ARC = YES;
				CLANG_ENABLE_OBJC_WEAK = YES;
				CLANG_WARN_BLOCK_CAPTURE_AUTORELEASING = YES;
				CLANG_WARN_BOOL_CONVERSION = YES;
				CLANG_WARN_COMMA = YES;
				CLANG_WARN_CONSTANT_CONVERSION = YES;
				CLANG_WARN_DEPRECATED_OBJC_IMPLEMENTATIONS = YES;
				CLANG_WARN_DIRECT_OBJC_ISA_USAGE = YES_ERROR;
				CLANG_WARN_DOCUMENTATION_COMMENTS = YES;
				CLANG_WARN_EMPTY_BODY = YES;
				CLANG_WARN_ENUM_CONVERSION = YES;
				CLANG_WARN_INFINITE_RECURSION = YES;
				CLANG_WARN_INT_CONVERSION = YES;
				CLANG_WARN_NON_LITERAL_NULL_CONVERSION = YES;
				CLANG_WARN_OBJC_IMPLICIT_RETAIN_SELF = YES;
				CLANG_WARN_OBJC_LITERAL_CONVERSION = YES;
				CLANG_WARN_OBJC_ROOT_CLASS = YES_ERROR;
				CLANG_WARN_QUOTED_INCLUDE_IN_FRAMEWORK_HEADER = YES;
				CLANG_WARN_RANGE_LOOP_ANALYSIS = YES;
				CLANG_WARN_STRICT_PROTOTYPES = YES;
				CLANG_WARN_SUSPICIOUS_MOVE = YES;
				CLANG_WARN_UNGUARDED_AVAILABILITY = YES_AGGRESSIVE;
				CLANG_WARN_UNREACHABLE_CODE = YES;
				CLANG_WARN__DUPLICATE_METHOD_MATCH = YES;
				COPY_PHASE_STRIP = NO;
				DEBUG_INFORMATION_FORMAT = dwarf;
				ENABLE_STRICT_OBJC_MSGSEND = YES;
				ENABLE_TESTABILITY = YES;
				GCC_C_LANGUAGE_STANDARD = gnu11;
				GCC_DYNAMIC_NO_PIC = NO;
				GCC_NO_COMMON_BLOCKS = YES;
				GCC_OPTIMIZATION_LEVEL = 0;
				GCC_PREPROCESSOR_DEFINITIONS = (
					"DEBUG=1",
					"$(inherited)",
				);
				GCC_WARN_64_TO_32_BIT_CONVERSION = YES;
				GCC_WARN_ABOUT_RETURN_TYPE = YES_ERROR;
				GCC_WARN_UNDECLARED_SELECTOR = YES;
				GCC_WARN_UNINITIALIZED_AUTOS = YES_AGGRESSIVE;
				GCC_WARN_UNUSED_FUNCTION = YES;
				GCC_WARN_UNUSED_VARIABLE = YES;
				IPHONEOS_DEPLOYMENT_TARGET = 16.2;
				MTL_ENABLE_DEBUG_INFO = INCLUDE_SOURCE;
				MTL_FAST_MATH = YES;
				ONLY_ACTIVE_ARCH = YES;
				SDKROOT = iphoneos;
				SWIFT_ACTIVE_COMPILATION_CONDITIONS = DEBUG;
				SWIFT_OPTIMIZATION_LEVEL = "-Onone";
			};
			name = Debug;
		};
		7E8406DD29BA3CC500B3AF63 /* Release */ = {
			isa = XCBuildConfiguration;
			buildSettings = {
				ALWAYS_SEARCH_USER_PATHS = NO;
				CLANG_ANALYZER_NONNULL = YES;
				CLANG_ANALYZER_NUMBER_OBJECT_CONVERSION = YES_AGGRESSIVE;
				CLANG_CXX_LANGUAGE_STANDARD = "gnu++20";
				CLANG_ENABLE_MODULES = YES;
				CLANG_ENABLE_OBJC_ARC = YES;
				CLANG_ENABLE_OBJC_WEAK = YES;
				CLANG_WARN_BLOCK_CAPTURE_AUTORELEASING = YES;
				CLANG_WARN_BOOL_CONVERSION = YES;
				CLANG_WARN_COMMA = YES;
				CLANG_WARN_CONSTANT_CONVERSION = YES;
				CLANG_WARN_DEPRECATED_OBJC_IMPLEMENTATIONS = YES;
				CLANG_WARN_DIRECT_OBJC_ISA_USAGE = YES_ERROR;
				CLANG_WARN_DOCUMENTATION_COMMENTS = YES;
				CLANG_WARN_EMPTY_BODY = YES;
				CLANG_WARN_ENUM_CONVERSION = YES;
				CLANG_WARN_INFINITE_RECURSION = YES;
				CLANG_WARN_INT_CONVERSION = YES;
				CLANG_WARN_NON_LITERAL_NULL_CONVERSION = YES;
				CLANG_WARN_OBJC_IMPLICIT_RETAIN_SELF = YES;
				CLANG_WARN_OBJC_LITERAL_CONVERSION = YES;
				CLANG_WARN_OBJC_ROOT_CLASS = YES_ERROR;
				CLANG_WARN_QUOTED_INCLUDE_IN_FRAMEWORK_HEADER = YES;
				CLANG_WARN_RANGE_LOOP_ANALYSIS = YES;
				CLANG_WARN_STRICT_PROTOTYPES = YES;
				CLANG_WARN_SUSPICIOUS_MOVE = YES;
				CLANG_WARN_UNGUARDED_AVAILABILITY = YES_AGGRESSIVE;
				CLANG_WARN_UNREACHABLE_CODE = YES;
				CLANG_WARN__DUPLICATE_METHOD_MATCH = YES;
				COPY_PHASE_STRIP = NO;
				DEBUG_INFORMATION_FORMAT = "dwarf-with-dsym";
				ENABLE_NS_ASSERTIONS = NO;
				ENABLE_STRICT_OBJC_MSGSEND = YES;
				GCC_C_LANGUAGE_STANDARD = gnu11;
				GCC_NO_COMMON_BLOCKS = YES;
				GCC_WARN_64_TO_32_BIT_CONVERSION = YES;
				GCC_WARN_ABOUT_RETURN_TYPE = YES_ERROR;
				GCC_WARN_UNDECLARED_SELECTOR = YES;
				GCC_WARN_UNINITIALIZED_AUTOS = YES_AGGRESSIVE;
				GCC_WARN_UNUSED_FUNCTION = YES;
				GCC_WARN_UNUSED_VARIABLE = YES;
				IPHONEOS_DEPLOYMENT_TARGET = 16.2;
				MTL_ENABLE_DEBUG_INFO = NO;
				MTL_FAST_MATH = YES;
				SDKROOT = iphoneos;
				SWIFT_COMPILATION_MODE = wholemodule;
				SWIFT_OPTIMIZATION_LEVEL = "-O";
				VALIDATE_PRODUCT = YES;
			};
			name = Release;
		};
		7E8406DF29BA3CC500B3AF63 /* Debug */ = {
			isa = XCBuildConfiguration;
			buildSettings = {
				ASSETCATALOG_COMPILER_APPICON_NAME = AppIcon;
				ASSETCATALOG_COMPILER_GLOBAL_ACCENT_COLOR_NAME = AccentColor;
				CODE_SIGN_STYLE = Automatic;
				CURRENT_PROJECT_VERSION = 1;
				DEVELOPMENT_TEAM = P37BL29UZP;
				GENERATE_INFOPLIST_FILE = YES;
				INFOPLIST_FILE = "Meal Tracker/Info.plist";
				INFOPLIST_KEY_UIApplicationSupportsIndirectInputEvents = YES;
				INFOPLIST_KEY_UILaunchStoryboardName = LaunchScreen;
				INFOPLIST_KEY_UIMainStoryboardFile = Main;
				INFOPLIST_KEY_UISupportedInterfaceOrientations_iPad = "UIInterfaceOrientationPortrait UIInterfaceOrientationPortraitUpsideDown UIInterfaceOrientationLandscapeLeft UIInterfaceOrientationLandscapeRight";
				INFOPLIST_KEY_UISupportedInterfaceOrientations_iPhone = "UIInterfaceOrientationPortrait UIInterfaceOrientationLandscapeLeft UIInterfaceOrientationLandscapeRight";
				LD_RUNPATH_SEARCH_PATHS = (
					"$(inherited)",
					"@executable_path/Frameworks",
				);
				MARKETING_VERSION = 1.0;
				PRODUCT_BUNDLE_IDENTIFIER = "m0resleepstudios.Meal-Tracker";
				PRODUCT_NAME = "$(TARGET_NAME)";
				SWIFT_EMIT_LOC_STRINGS = YES;
				SWIFT_VERSION = 5.0;
				TARGETED_DEVICE_FAMILY = "1,2";
			};
			name = Debug;
		};
		7E8406E029BA3CC500B3AF63 /* Release */ = {
			isa = XCBuildConfiguration;
			buildSettings = {
				ASSETCATALOG_COMPILER_APPICON_NAME = AppIcon;
				ASSETCATALOG_COMPILER_GLOBAL_ACCENT_COLOR_NAME = AccentColor;
				CODE_SIGN_STYLE = Automatic;
				CURRENT_PROJECT_VERSION = 1;
				DEVELOPMENT_TEAM = P37BL29UZP;
				GENERATE_INFOPLIST_FILE = YES;
				INFOPLIST_FILE = "Meal Tracker/Info.plist";
				INFOPLIST_KEY_UIApplicationSupportsIndirectInputEvents = YES;
				INFOPLIST_KEY_UILaunchStoryboardName = LaunchScreen;
				INFOPLIST_KEY_UIMainStoryboardFile = Main;
				INFOPLIST_KEY_UISupportedInterfaceOrientations_iPad = "UIInterfaceOrientationPortrait UIInterfaceOrientationPortraitUpsideDown UIInterfaceOrientationLandscapeLeft UIInterfaceOrientationLandscapeRight";
				INFOPLIST_KEY_UISupportedInterfaceOrientations_iPhone = "UIInterfaceOrientationPortrait UIInterfaceOrientationLandscapeLeft UIInterfaceOrientationLandscapeRight";
				LD_RUNPATH_SEARCH_PATHS = (
					"$(inherited)",
					"@executable_path/Frameworks",
				);
				MARKETING_VERSION = 1.0;
				PRODUCT_BUNDLE_IDENTIFIER = "m0resleepstudios.Meal-Tracker";
				PRODUCT_NAME = "$(TARGET_NAME)";
				SWIFT_EMIT_LOC_STRINGS = YES;
				SWIFT_VERSION = 5.0;
				TARGETED_DEVICE_FAMILY = "1,2";
			};
			name = Release;
		};
		7E8406E229BA3CC500B3AF63 /* Debug */ = {
			isa = XCBuildConfiguration;
			buildSettings = {
				ALWAYS_EMBED_SWIFT_STANDARD_LIBRARIES = YES;
				BUNDLE_LOADER = "$(TEST_HOST)";
				CODE_SIGN_STYLE = Automatic;
				CURRENT_PROJECT_VERSION = 1;
				DEVELOPMENT_TEAM = P37BL29UZP;
				GENERATE_INFOPLIST_FILE = YES;
				IPHONEOS_DEPLOYMENT_TARGET = 16.2;
				MARKETING_VERSION = 1.0;
				PRODUCT_BUNDLE_IDENTIFIER = "m0resleepstudios.Meal-TrackerTests";
				PRODUCT_NAME = "$(TARGET_NAME)";
				SWIFT_EMIT_LOC_STRINGS = NO;
				SWIFT_VERSION = 5.0;
				TARGETED_DEVICE_FAMILY = "1,2";
				TEST_HOST = "$(BUILT_PRODUCTS_DIR)/Meal Tracker.app/$(BUNDLE_EXECUTABLE_FOLDER_PATH)/Meal Tracker";
			};
			name = Debug;
		};
		7E8406E329BA3CC500B3AF63 /* Release */ = {
			isa = XCBuildConfiguration;
			buildSettings = {
				ALWAYS_EMBED_SWIFT_STANDARD_LIBRARIES = YES;
				BUNDLE_LOADER = "$(TEST_HOST)";
				CODE_SIGN_STYLE = Automatic;
				CURRENT_PROJECT_VERSION = 1;
				DEVELOPMENT_TEAM = P37BL29UZP;
				GENERATE_INFOPLIST_FILE = YES;
				IPHONEOS_DEPLOYMENT_TARGET = 16.2;
				MARKETING_VERSION = 1.0;
				PRODUCT_BUNDLE_IDENTIFIER = "m0resleepstudios.Meal-TrackerTests";
				PRODUCT_NAME = "$(TARGET_NAME)";
				SWIFT_EMIT_LOC_STRINGS = NO;
				SWIFT_VERSION = 5.0;
				TARGETED_DEVICE_FAMILY = "1,2";
				TEST_HOST = "$(BUILT_PRODUCTS_DIR)/Meal Tracker.app/$(BUNDLE_EXECUTABLE_FOLDER_PATH)/Meal Tracker";
			};
			name = Release;
		};
		7E8406E529BA3CC500B3AF63 /* Debug */ = {
			isa = XCBuildConfiguration;
			buildSettings = {
				ALWAYS_EMBED_SWIFT_STANDARD_LIBRARIES = YES;
				CODE_SIGN_STYLE = Automatic;
				CURRENT_PROJECT_VERSION = 1;
				DEVELOPMENT_TEAM = P37BL29UZP;
				GENERATE_INFOPLIST_FILE = YES;
				MARKETING_VERSION = 1.0;
				PRODUCT_BUNDLE_IDENTIFIER = "m0resleepstudios.Meal-TrackerUITests";
				PRODUCT_NAME = "$(TARGET_NAME)";
				SWIFT_EMIT_LOC_STRINGS = NO;
				SWIFT_VERSION = 5.0;
				TARGETED_DEVICE_FAMILY = "1,2";
				TEST_TARGET_NAME = "Meal Tracker";
			};
			name = Debug;
		};
		7E8406E629BA3CC500B3AF63 /* Release */ = {
			isa = XCBuildConfiguration;
			buildSettings = {
				ALWAYS_EMBED_SWIFT_STANDARD_LIBRARIES = YES;
				CODE_SIGN_STYLE = Automatic;
				CURRENT_PROJECT_VERSION = 1;
				DEVELOPMENT_TEAM = P37BL29UZP;
				GENERATE_INFOPLIST_FILE = YES;
				MARKETING_VERSION = 1.0;
				PRODUCT_BUNDLE_IDENTIFIER = "m0resleepstudios.Meal-TrackerUITests";
				PRODUCT_NAME = "$(TARGET_NAME)";
				SWIFT_EMIT_LOC_STRINGS = NO;
				SWIFT_VERSION = 5.0;
				TARGETED_DEVICE_FAMILY = "1,2";
				TEST_TARGET_NAME = "Meal Tracker";
			};
			name = Release;
		};
/* End XCBuildConfiguration section */

/* Begin XCConfigurationList section */
		7E8406AF29BA3CC400B3AF63 /* Build configuration list for PBXProject "Meal Tracker" */ = {
			isa = XCConfigurationList;
			buildConfigurations = (
				7E8406DC29BA3CC500B3AF63 /* Debug */,
				7E8406DD29BA3CC500B3AF63 /* Release */,
			);
			defaultConfigurationIsVisible = 0;
			defaultConfigurationName = Release;
		};
		7E8406DE29BA3CC500B3AF63 /* Build configuration list for PBXNativeTarget "Meal Tracker" */ = {
			isa = XCConfigurationList;
			buildConfigurations = (
				7E8406DF29BA3CC500B3AF63 /* Debug */,
				7E8406E029BA3CC500B3AF63 /* Release */,
			);
			defaultConfigurationIsVisible = 0;
			defaultConfigurationName = Release;
		};
		7E8406E129BA3CC500B3AF63 /* Build configuration list for PBXNativeTarget "Meal TrackerTests" */ = {
			isa = XCConfigurationList;
			buildConfigurations = (
				7E8406E229BA3CC500B3AF63 /* Debug */,
				7E8406E329BA3CC500B3AF63 /* Release */,
			);
			defaultConfigurationIsVisible = 0;
			defaultConfigurationName = Release;
		};
		7E8406E429BA3CC500B3AF63 /* Build configuration list for PBXNativeTarget "Meal TrackerUITests" */ = {
			isa = XCConfigurationList;
			buildConfigurations = (
				7E8406E529BA3CC500B3AF63 /* Debug */,
				7E8406E629BA3CC500B3AF63 /* Release */,
			);
			defaultConfigurationIsVisible = 0;
			defaultConfigurationName = Release;
		};
/* End XCConfigurationList section */
	};
	rootObject = 7E8406AC29BA3CC400B3AF63 /* Project object */;
}
